
Microsoft Visual Studio Solution File, Format Version 12.00
# Visual Studio Version 16
VisualStudioVersion = 16.0.30621.155
MinimumVisualStudioVersion = 10.0.40219.1
Project("{FAE04EC0-301F-11D3-BF4B-00C04F79EFBC}") = "SimpleMenu", "SimpleMenu.csproj", "{0381E858-2E37-43DC-B502-F41A0B02E18A}"
EndProject
Global
	GlobalSection(SolutionConfigurationPlatforms) = preSolution
		Debug|Any CPU = Debug|Any CPU
		Release|Any CPU = Release|Any CPU
	EndGlobalSection
	GlobalSection(ProjectConfigurationPlatforms) = postSolution
		{0381E858-2E37-43DC-B502-F41A0B02E18A}.Debug|Any CPU.ActiveCfg = Debug|Any CPU
		{0381E858-2E37-43DC-B502-F41A0B02E18A}.Debug|Any CPU.Build.0 = Debug|Any CPU
		{0381E858-2E37-43DC-B502-F41A0B02E18A}.Release|Any CPU.ActiveCfg = Release|Any CPU
		{0381E858-2E37-43DC-B502-F41A0B02E18A}.Release|Any CPU.Build.0 = Release|Any CPU
	EndGlobalSection
	GlobalSection(SolutionProperties) = preSolution
		HideSolutionNode = FALSE
	EndGlobalSection
	GlobalSection(ExtensibilityGlobals) = postSolution
		SolutionGuid = {D02D7B6B-5D1A-4227-B5AB-A85B58BA692A}
	EndGlobalSection
EndGlobal
